// !$*UTF8*$!
{
	archiveVersion = 1;
	classes = {
	};
	objectVersion = 56;
	objects = {

/* Begin PBXBuildFile section */
		C5557AD02C73CEF400E0A13A /* Offer.swift in Sources */ = {isa = PBXBuildFile; fileRef = C5557ACF2C73CEF400E0A13A /* Offer.swift */; };
		C5557AD22C73D77900E0A13A /* OffersPage.swift in Sources */ = {isa = PBXBuildFile; fileRef = C5557AD12C73D77900E0A13A /* OffersPage.swift */; };
		C5557ADA2C73DF1900E0A13A /* InfoPage.swift in Sources */ = {isa = PBXBuildFile; fileRef = C5557AD92C73DF1900E0A13A /* InfoPage.swift */; };
		C5557ADC2C73DF6C00E0A13A /* OrdersPage.swift in Sources */ = {isa = PBXBuildFile; fileRef = C5557ADB2C73DF6C00E0A13A /* OrdersPage.swift */; };
		C5557ADE2C73DF7900E0A13A /* MenuPage.swift in Sources */ = {isa = PBXBuildFile; fileRef = C5557ADD2C73DF7900E0A13A /* MenuPage.swift */; };
		C5557AE02C73E07B00E0A13A /* ProductItem.swift in Sources */ = {isa = PBXBuildFile; fileRef = C5557ADF2C73E07B00E0A13A /* ProductItem.swift */; };
		C5557AE22C73F4D600E0A13A /* ProductDetailsPage.swift in Sources */ = {isa = PBXBuildFile; fileRef = C5557AE12C73F4D600E0A13A /* ProductDetailsPage.swift */; };
		C5557AE52C74E47400E0A13A /* Category.swift in Sources */ = {isa = PBXBuildFile; fileRef = C5557AE42C74E47400E0A13A /* Category.swift */; };
		C5557AE72C74E48F00E0A13A /* Product.swift in Sources */ = {isa = PBXBuildFile; fileRef = C5557AE62C74E48F00E0A13A /* Product.swift */; };
		C57585762C74E90F0000455F /* MenuManager.swift in Sources */ = {isa = PBXBuildFile; fileRef = C57585752C74E90F0000455F /* MenuManager.swift */; };
		C57585782C74EA420000455F /* CartManager.swift in Sources */ = {isa = PBXBuildFile; fileRef = C57585772C74EA420000455F /* CartManager.swift */; };
		C575857A2C74F94E0000455F /* OrderItem.swift in Sources */ = {isa = PBXBuildFile; fileRef = C57585792C74F94E0000455F /* OrderItem.swift */; };
		C575857D2C75001B0000455F /* Alamofire in Frameworks */ = {isa = PBXBuildFile; productRef = C575857C2C75001B0000455F /* Alamofire */; };
		C57689992C727AEA0030D414 /* CoffeMastersApp.swift in Sources */ = {isa = PBXBuildFile; fileRef = C57689982C727AEA0030D414 /* CoffeMastersApp.swift */; };
		C576899B2C727AEA0030D414 /* ContentView.swift in Sources */ = {isa = PBXBuildFile; fileRef = C576899A2C727AEA0030D414 /* ContentView.swift */; };
		C576899D2C727AEC0030D414 /* Assets.xcassets in Resources */ = {isa = PBXBuildFile; fileRef = C576899C2C727AEC0030D414 /* Assets.xcassets */; };
		C57689A02C727AEC0030D414 /* Preview Assets.xcassets in Resources */ = {isa = PBXBuildFile; fileRef = C576899F2C727AEC0030D414 /* Preview Assets.xcassets */; };
		C5FE46152C7504D0009E29F3 /* EmptyProducts.swift in Sources */ = {isa = PBXBuildFile; fileRef = C5FE46142C7504D0009E29F3 /* EmptyProducts.swift */; };
/* End PBXBuildFile section */

/* Begin PBXCopyFilesBuildPhase section */
		C5FE46132C7503C4009E29F3 /* Embed Frameworks */ = {
			isa = PBXCopyFilesBuildPhase;
			buildActionMask = 2147483647;
			dstPath = "";
			dstSubfolderSpec = 10;
			files = (
			);
			name = "Embed Frameworks";
			runOnlyForDeploymentPostprocessing = 0;
		};
/* End PBXCopyFilesBuildPhase section */

/* Begin PBXFileReference section */
		C5557ACF2C73CEF400E0A13A /* Offer.swift */ = {isa = PBXFileReference; lastKnownFileType = sourcecode.swift; path = Offer.swift; sourceTree = "<group>"; };
		C5557AD12C73D77900E0A13A /* OffersPage.swift */ = {isa = PBXFileReference; lastKnownFileType = sourcecode.swift; path = OffersPage.swift; sourceTree = "<group>"; };
		C5557AD92C73DF1900E0A13A /* InfoPage.swift */ = {isa = PBXFileReference; lastKnownFileType = sourcecode.swift; path = InfoPage.swift; sourceTree = "<group>"; };
		C5557ADB2C73DF6C00E0A13A /* OrdersPage.swift */ = {isa = PBXFileReference; lastKnownFileType = sourcecode.swift; path = OrdersPage.swift; sourceTree = "<group>"; };
		C5557ADD2C73DF7900E0A13A /* MenuPage.swift */ = {isa = PBXFileReference; lastKnownFileType = sourcecode.swift; path = MenuPage.swift; sourceTree = "<group>"; };
		C5557ADF2C73E07B00E0A13A /* ProductItem.swift */ = {isa = PBXFileReference; lastKnownFileType = sourcecode.swift; path = ProductItem.swift; sourceTree = "<group>"; };
		C5557AE12C73F4D600E0A13A /* ProductDetailsPage.swift */ = {isa = PBXFileReference; lastKnownFileType = sourcecode.swift; path = ProductDetailsPage.swift; sourceTree = "<group>"; };
		C5557AE42C74E47400E0A13A /* Category.swift */ = {isa = PBXFileReference; lastKnownFileType = sourcecode.swift; path = Category.swift; sourceTree = "<group>"; };
		C5557AE62C74E48F00E0A13A /* Product.swift */ = {isa = PBXFileReference; lastKnownFileType = sourcecode.swift; path = Product.swift; sourceTree = "<group>"; };
		C57585752C74E90F0000455F /* MenuManager.swift */ = {isa = PBXFileReference; lastKnownFileType = sourcecode.swift; path = MenuManager.swift; sourceTree = "<group>"; };
		C57585772C74EA420000455F /* CartManager.swift */ = {isa = PBXFileReference; lastKnownFileType = sourcecode.swift; path = CartManager.swift; sourceTree = "<group>"; };
		C57585792C74F94E0000455F /* OrderItem.swift */ = {isa = PBXFileReference; lastKnownFileType = sourcecode.swift; path = OrderItem.swift; sourceTree = "<group>"; };
		C57689952C727AEA0030D414 /* CoffeMasters.app */ = {isa = PBXFileReference; explicitFileType = wrapper.application; includeInIndex = 0; path = CoffeMasters.app; sourceTree = BUILT_PRODUCTS_DIR; };
		C57689982C727AEA0030D414 /* CoffeMastersApp.swift */ = {isa = PBXFileReference; lastKnownFileType = sourcecode.swift; path = CoffeMastersApp.swift; sourceTree = "<group>"; };
		C576899A2C727AEA0030D414 /* ContentView.swift */ = {isa = PBXFileReference; lastKnownFileType = sourcecode.swift; path = ContentView.swift; sourceTree = "<group>"; };
		C576899C2C727AEC0030D414 /* Assets.xcassets */ = {isa = PBXFileReference; lastKnownFileType = folder.assetcatalog; path = Assets.xcassets; sourceTree = "<group>"; };
		C576899F2C727AEC0030D414 /* Preview Assets.xcassets */ = {isa = PBXFileReference; lastKnownFileType = folder.assetcatalog; path = "Preview Assets.xcassets"; sourceTree = "<group>"; };
		C5E516622C75242B005D3E90 /* Info.plist */ = {isa = PBXFileReference; lastKnownFileType = text.plist; path = Info.plist; sourceTree = "<group>"; };
		C5FE46142C7504D0009E29F3 /* EmptyProducts.swift */ = {isa = PBXFileReference; lastKnownFileType = sourcecode.swift; path = EmptyProducts.swift; sourceTree = "<group>"; };
/* End PBXFileReference section */

/* Begin PBXFrameworksBuildPhase section */
		C57689922C727AEA0030D414 /* Frameworks */ = {
			isa = PBXFrameworksBuildPhase;
			buildActionMask = 2147483647;
			files = (
				C575857D2C75001B0000455F /* Alamofire in Frameworks */,
			);
			runOnlyForDeploymentPostprocessing = 0;
		};
/* End PBXFrameworksBuildPhase section */

/* Begin PBXGroup section */
		C5557AD32C73DEA300E0A13A /* Views */ = {
			isa = PBXGroup;
			children = (
				C5557ACF2C73CEF400E0A13A /* Offer.swift */,
				C5FE46142C7504D0009E29F3 /* EmptyProducts.swift */,
				C5557ADF2C73E07B00E0A13A /* ProductItem.swift */,
				C57585792C74F94E0000455F /* OrderItem.swift */,
			);
			path = Views;
			sourceTree = "<group>";
		};
		C5557AD42C73DEB000E0A13A /* Page Views */ = {
			isa = PBXGroup;
			children = (
				C5557AD12C73D77900E0A13A /* OffersPage.swift */,
				C5557AD92C73DF1900E0A13A /* InfoPage.swift */,
				C5557AE12C73F4D600E0A13A /* ProductDetailsPage.swift */,
				C5557ADB2C73DF6C00E0A13A /* OrdersPage.swift */,
				C5557ADD2C73DF7900E0A13A /* MenuPage.swift */,
			);
			path = "Page Views";
			sourceTree = "<group>";
		};
		C5557AE32C74E45500E0A13A /* Model */ = {
			isa = PBXGroup;
			children = (
				C5557AE42C74E47400E0A13A /* Category.swift */,
				C5557AE62C74E48F00E0A13A /* Product.swift */,
				C57585772C74EA420000455F /* CartManager.swift */,
				C57585752C74E90F0000455F /* MenuManager.swift */,
			);
			path = Model;
			sourceTree = "<group>";
		};
		C576898C2C727AEA0030D414 = {
			isa = PBXGroup;
			children = (
				C57689972C727AEA0030D414 /* CoffeMasters */,
				C57689962C727AEA0030D414 /* Products */,
			);
			sourceTree = "<group>";
		};
		C57689962C727AEA0030D414 /* Products */ = {
			isa = PBXGroup;
			children = (
				C57689952C727AEA0030D414 /* CoffeMasters.app */,
			);
			name = Products;
			sourceTree = "<group>";
		};
		C57689972C727AEA0030D414 /* CoffeMasters */ = {
			isa = PBXGroup;
			children = (
				C5E516622C75242B005D3E90 /* Info.plist */,
				C5557AE32C74E45500E0A13A /* Model */,
				C5557AD42C73DEB000E0A13A /* Page Views */,
				C5557AD32C73DEA300E0A13A /* Views */,
				C57689982C727AEA0030D414 /* CoffeMastersApp.swift */,
				C576899A2C727AEA0030D414 /* ContentView.swift */,
				C576899C2C727AEC0030D414 /* Assets.xcassets */,
				C576899E2C727AEC0030D414 /* Preview Content */,
			);
			path = CoffeMasters;
			sourceTree = "<group>";
		};
		C576899E2C727AEC0030D414 /* Preview Content */ = {
			isa = PBXGroup;
			children = (
				C576899F2C727AEC0030D414 /* Preview Assets.xcassets */,
			);
			path = "Preview Content";
			sourceTree = "<group>";
		};
/* End PBXGroup section */

/* Begin PBXNativeTarget section */
		C57689942C727AEA0030D414 /* CoffeMasters */ = {
			isa = PBXNativeTarget;
			buildConfigurationList = C57689A32C727AEC0030D414 /* Build configuration list for PBXNativeTarget "CoffeMasters" */;
			buildPhases = (
				C57689912C727AEA0030D414 /* Sources */,
				C57689922C727AEA0030D414 /* Frameworks */,
				C57689932C727AEA0030D414 /* Resources */,
				C5FE46132C7503C4009E29F3 /* Embed Frameworks */,
			);
			buildRules = (
			);
			dependencies = (
			);
			name = CoffeMasters;
			packageProductDependencies = (
				C575857C2C75001B0000455F /* Alamofire */,
			);
			productName = CoffeMasters;
			productReference = C57689952C727AEA0030D414 /* CoffeMasters.app */;
			productType = "com.apple.product-type.application";
		};
/* End PBXNativeTarget section */

/* Begin PBXProject section */
		C576898D2C727AEA0030D414 /* Project object */ = {
			isa = PBXProject;
			attributes = {
				BuildIndependentTargetsInParallel = 1;
				LastSwiftUpdateCheck = 1540;
				LastUpgradeCheck = 1540;
				TargetAttributes = {
					C57689942C727AEA0030D414 = {
						CreatedOnToolsVersion = 15.4;
					};
				};
			};
			buildConfigurationList = C57689902C727AEA0030D414 /* Build configuration list for PBXProject "CoffeMasters" */;
			compatibilityVersion = "Xcode 14.0";
			developmentRegion = en;
			hasScannedForEncodings = 0;
			knownRegions = (
				en,
				Base,
			);
			mainGroup = C576898C2C727AEA0030D414;
			packageReferences = (
				C575857B2C75001B0000455F /* XCRemoteSwiftPackageReference "Alamofire" */,
			);
			productRefGroup = C57689962C727AEA0030D414 /* Products */;
			projectDirPath = "";
			projectRoot = "";
			targets = (
				C57689942C727AEA0030D414 /* CoffeMasters */,
			);
		};
/* End PBXProject section */

/* Begin PBXResourcesBuildPhase section */
		C57689932C727AEA0030D414 /* Resources */ = {
			isa = PBXResourcesBuildPhase;
			buildActionMask = 2147483647;
			files = (
				C57689A02C727AEC0030D414 /* Preview Assets.xcassets in Resources */,
				C576899D2C727AEC0030D414 /* Assets.xcassets in Resources */,
			);
			runOnlyForDeploymentPostprocessing = 0;
		};
/* End PBXResourcesBuildPhase section */

/* Begin PBXSourcesBuildPhase section */
		C57689912C727AEA0030D414 /* Sources */ = {
			isa = PBXSourcesBuildPhase;
			buildActionMask = 2147483647;
			files = (
				C57585762C74E90F0000455F /* MenuManager.swift in Sources */,
				C57585782C74EA420000455F /* CartManager.swift in Sources */,
				C5557AD02C73CEF400E0A13A /* Offer.swift in Sources */,
				C5557AE52C74E47400E0A13A /* Category.swift in Sources */,
				C5557ADA2C73DF1900E0A13A /* InfoPage.swift in Sources */,
				C5557AE22C73F4D600E0A13A /* ProductDetailsPage.swift in Sources */,
				C5557AD22C73D77900E0A13A /* OffersPage.swift in Sources */,
				C5557AE72C74E48F00E0A13A /* Product.swift in Sources */,
				C576899B2C727AEA0030D414 /* ContentView.swift in Sources */,
				C575857A2C74F94E0000455F /* OrderItem.swift in Sources */,
				C5FE46152C7504D0009E29F3 /* EmptyProducts.swift in Sources */,
				C5557AE02C73E07B00E0A13A /* ProductItem.swift in Sources */,
				C5557ADE2C73DF7900E0A13A /* MenuPage.swift in Sources */,
				C5557ADC2C73DF6C00E0A13A /* OrdersPage.swift in Sources */,
				C57689992C727AEA0030D414 /* CoffeMastersApp.swift in Sources */,
			);
			runOnlyForDeploymentPostprocessing = 0;
		};
/* End PBXSourcesBuildPhase section */

/* Begin XCBuildConfiguration section */
		C57689A12C727AEC0030D414 /* Debug */ = {
			isa = XCBuildConfiguration;
			buildSettings = {
				ALWAYS_SEARCH_USER_PATHS = NO;
				ASSETCATALOG_COMPILER_GENERATE_SWIFT_ASSET_SYMBOL_EXTENSIONS = YES;
				CLANG_ANALYZER_NONNULL = YES;
				CLANG_ANALYZER_NUMBER_OBJECT_CONVERSION = YES_AGGRESSIVE;
				CLANG_CXX_LANGUAGE_STANDARD = "gnu++20";
				CLANG_ENABLE_MODULES = YES;
				CLANG_ENABLE_OBJC_ARC = YES;
				CLANG_ENABLE_OBJC_WEAK = YES;
				CLANG_WARN_BLOCK_CAPTURE_AUTORELEASING = YES;
				CLANG_WARN_BOOL_CONVERSION = YES;
				CLANG_WARN_COMMA = YES;
				CLANG_WARN_CONSTANT_CONVERSION = YES;
				CLANG_WARN_DEPRECATED_OBJC_IMPLEMENTATIONS = YES;
				CLANG_WARN_DIRECT_OBJC_ISA_USAGE = YES_ERROR;
				CLANG_WARN_DOCUMENTATION_COMMENTS = YES;
				CLANG_WARN_EMPTY_BODY = YES;
				CLANG_WARN_ENUM_CONVERSION = YES;
				CLANG_WARN_INFINITE_RECURSION = YES;
				CLANG_WARN_INT_CONVERSION = YES;
				CLANG_WARN_NON_LITERAL_NULL_CONVERSION = YES;
				CLANG_WARN_OBJC_IMPLICIT_RETAIN_SELF = YES;
				CLANG_WARN_OBJC_LITERAL_CONVERSION = YES;
				CLANG_WARN_OBJC_ROOT_CLASS = YES_ERROR;
				CLANG_WARN_QUOTED_INCLUDE_IN_FRAMEWORK_HEADER = YES;
				CLANG_WARN_RANGE_LOOP_ANALYSIS = YES;
				CLANG_WARN_STRICT_PROTOTYPES = YES;
				CLANG_WARN_SUSPICIOUS_MOVE = YES;
				CLANG_WARN_UNGUARDED_AVAILABILITY = YES_AGGRESSIVE;
				CLANG_WARN_UNREACHABLE_CODE = YES;
				CLANG_WARN__DUPLICATE_METHOD_MATCH = YES;
				COPY_PHASE_STRIP = NO;
				DEBUG_INFORMATION_FORMAT = dwarf;
				ENABLE_STRICT_OBJC_MSGSEND = YES;
				ENABLE_TESTABILITY = YES;
				ENABLE_USER_SCRIPT_SANDBOXING = YES;
				GCC_C_LANGUAGE_STANDARD = gnu17;
				GCC_DYNAMIC_NO_PIC = NO;
				GCC_NO_COMMON_BLOCKS = YES;
				GCC_OPTIMIZATION_LEVEL = 0;
				GCC_PREPROCESSOR_DEFINITIONS = (
					"DEBUG=1",
					"$(inherited)",
				);
				GCC_WARN_64_TO_32_BIT_CONVERSION = YES;
				GCC_WARN_ABOUT_RETURN_TYPE = YES_ERROR;
				GCC_WARN_UNDECLARED_SELECTOR = YES;
				GCC_WARN_UNINITIALIZED_AUTOS = YES_AGGRESSIVE;
				GCC_WARN_UNUSED_FUNCTION = YES;
				GCC_WARN_UNUSED_VARIABLE = YES;
				IPHONEOS_DEPLOYMENT_TARGET = 17.5;
				LOCALIZATION_PREFERS_STRING_CATALOGS = YES;
				MTL_ENABLE_DEBUG_INFO = INCLUDE_SOURCE;
				MTL_FAST_MATH = YES;
				ONLY_ACTIVE_ARCH = YES;
				SDKROOT = iphoneos;
				SWIFT_ACTIVE_COMPILATION_CONDITIONS = "DEBUG $(inherited)";
				SWIFT_OPTIMIZATION_LEVEL = "-Onone";
			};
			name = Debug;
		};
		C57689A22C727AEC0030D414 /* Release */ = {
			isa = XCBuildConfiguration;
			buildSettings = {
				ALWAYS_SEARCH_USER_PATHS = NO;
				ASSETCATALOG_COMPILER_GENERATE_SWIFT_ASSET_SYMBOL_EXTENSIONS = YES;
				CLANG_ANALYZER_NONNULL = YES;
				CLANG_ANALYZER_NUMBER_OBJECT_CONVERSION = YES_AGGRESSIVE;
				CLANG_CXX_LANGUAGE_STANDARD = "gnu++20";
				CLANG_ENABLE_MODULES = YES;
				CLANG_ENABLE_OBJC_ARC = YES;
				CLANG_ENABLE_OBJC_WEAK = YES;
				CLANG_WARN_BLOCK_CAPTURE_AUTORELEASING = YES;
				CLANG_WARN_BOOL_CONVERSION = YES;
				CLANG_WARN_COMMA = YES;
				CLANG_WARN_CONSTANT_CONVERSION = YES;
				CLANG_WARN_DEPRECATED_OBJC_IMPLEMENTATIONS = YES;
				CLANG_WARN_DIRECT_OBJC_ISA_USAGE = YES_ERROR;
				CLANG_WARN_DOCUMENTATION_COMMENTS = YES;
				CLANG_WARN_EMPTY_BODY = YES;
				CLANG_WARN_ENUM_CONVERSION = YES;
				CLANG_WARN_INFINITE_RECURSION = YES;
				CLANG_WARN_INT_CONVERSION = YES;
				CLANG_WARN_NON_LITERAL_NULL_CONVERSION = YES;
				CLANG_WARN_OBJC_IMPLICIT_RETAIN_SELF = YES;
				CLANG_WARN_OBJC_LITERAL_CONVERSION = YES;
				CLANG_WARN_OBJC_ROOT_CLASS = YES_ERROR;
				CLANG_WARN_QUOTED_INCLUDE_IN_FRAMEWORK_HEADER = YES;
				CLANG_WARN_RANGE_LOOP_ANALYSIS = YES;
				CLANG_WARN_STRICT_PROTOTYPES = YES;
				CLANG_WARN_SUSPICIOUS_MOVE = YES;
				CLANG_WARN_UNGUARDED_AVAILABILITY = YES_AGGRESSIVE;
				CLANG_WARN_UNREACHABLE_CODE = YES;
				CLANG_WARN__DUPLICATE_METHOD_MATCH = YES;
				COPY_PHASE_STRIP = NO;
				DEBUG_INFORMATION_FORMAT = "dwarf-with-dsym";
				ENABLE_NS_ASSERTIONS = NO;
				ENABLE_STRICT_OBJC_MSGSEND = YES;
				ENABLE_USER_SCRIPT_SANDBOXING = YES;
				GCC_C_LANGUAGE_STANDARD = gnu17;
				GCC_NO_COMMON_BLOCKS = YES;
				GCC_WARN_64_TO_32_BIT_CONVERSION = YES;
				GCC_WARN_ABOUT_RETURN_TYPE = YES_ERROR;
				GCC_WARN_UNDECLARED_SELECTOR = YES;
				GCC_WARN_UNINITIALIZED_AUTOS = YES_AGGRESSIVE;
				GCC_WARN_UNUSED_FUNCTION = YES;
				GCC_WARN_UNUSED_VARIABLE = YES;
				IPHONEOS_DEPLOYMENT_TARGET = 17.5;
				LOCALIZATION_PREFERS_STRING_CATALOGS = YES;
				MTL_ENABLE_DEBUG_INFO = NO;
				MTL_FAST_MATH = YES;
				SDKROOT = iphoneos;
				SWIFT_COMPILATION_MODE = wholemodule;
				VALIDATE_PRODUCT = YES;
			};
			name = Release;
		};
		C57689A42C727AEC0030D414 /* Debug */ = {
			isa = XCBuildConfiguration;
			buildSettings = {
				ASSETCATALOG_COMPILER_APPICON_NAME = AppIcon;
				ASSETCATALOG_COMPILER_GLOBAL_ACCENT_COLOR_NAME = AccentColor;
				CODE_SIGN_STYLE = Automatic;
				CURRENT_PROJECT_VERSION = 1;
				DEVELOPMENT_ASSET_PATHS = "\"CoffeMasters/Preview Content\"";
				ENABLE_PREVIEWS = YES;
				GENERATE_INFOPLIST_FILE = YES;
				INFOPLIST_FILE = CoffeMasters/Info.plist;
				INFOPLIST_KEY_UIApplicationSceneManifest_Generation = YES;
				INFOPLIST_KEY_UIApplicationSupportsIndirectInputEvents = YES;
				INFOPLIST_KEY_UISupportedInterfaceOrientations_iPad = "UIInterfaceOrientationPortrait UIInterfaceOrientationPortraitUpsideDown UIInterfaceOrientationLandscapeLeft UIInterfaceOrientationLandscapeRight";
				INFOPLIST_KEY_UISupportedInterfaceOrientations_iPhone = "UIInterfaceOrientationPortrait UIInterfaceOrientationLandscapeLeft UIInterfaceOrientationLandscapeRight";
				LD_RUNPATH_SEARCH_PATHS = (
					"$(inherited)",
					"@executable_path/Frameworks",
				);
				MARKETING_VERSION = 1.0;
				PRODUCT_BUNDLE_IDENTIFIER = com.jesuscova.CoffeMasters;
				PRODUCT_NAME = "$(TARGET_NAME)";
				SWIFT_EMIT_LOC_STRINGS = YES;
				SWIFT_VERSION = 5.0;
				TARGETED_DEVICE_FAMILY = "1,2";
			};
			name = Debug;
		};
		C57689A52C727AEC0030D414 /* Release */ = {
			isa = XCBuildConfiguration;
			buildSettings = {
				ASSETCATALOG_COMPILER_APPICON_NAME = AppIcon;
				ASSETCATALOG_COMPILER_GLOBAL_ACCENT_COLOR_NAME = AccentColor;
				CODE_SIGN_STYLE = Automatic;
				CURRENT_PROJECT_VERSION = 1;
				DEVELOPMENT_ASSET_PATHS = "\"CoffeMasters/Preview Content\"";
				ENABLE_PREVIEWS = YES;
				GENERATE_INFOPLIST_FILE = YES;
				INFOPLIST_FILE = CoffeMasters/Info.plist;
				INFOPLIST_KEY_UIApplicationSceneManifest_Generation = YES;
				INFOPLIST_KEY_UIApplicationSupportsIndirectInputEvents = YES;
				INFOPLIST_KEY_UISupportedInterfaceOrientations_iPad = "UIInterfaceOrientationPortrait UIInterfaceOrientationPortraitUpsideDown UIInterfaceOrientationLandscapeLeft UIInterfaceOrientationLandscapeRight";
				INFOPLIST_KEY_UISupportedInterfaceOrientations_iPhone = "UIInterfaceOrientationPortrait UIInterfaceOrientationLandscapeLeft UIInterfaceOrientationLandscapeRight";
				LD_RUNPATH_SEARCH_PATHS = (
					"$(inherited)",
					"@executable_path/Frameworks",
				);
				MARKETING_VERSION = 1.0;
				PRODUCT_BUNDLE_IDENTIFIER = com.jesuscova.CoffeMasters;
				PRODUCT_NAME = "$(TARGET_NAME)";
				SWIFT_EMIT_LOC_STRINGS = YES;
				SWIFT_VERSION = 5.0;
				TARGETED_DEVICE_FAMILY = "1,2";
			};
			name = Release;
		};
/* End XCBuildConfiguration section */

/* Begin XCConfigurationList section */
		C57689902C727AEA0030D414 /* Build configuration list for PBXProject "CoffeMasters" */ = {
			isa = XCConfigurationList;
			buildConfigurations = (
				C57689A12C727AEC0030D414 /* Debug */,
				C57689A22C727AEC0030D414 /* Release */,
			);
			defaultConfigurationIsVisible = 0;
			defaultConfigurationName = Release;
		};
		C57689A32C727AEC0030D414 /* Build configuration list for PBXNativeTarget "CoffeMasters" */ = {
			isa = XCConfigurationList;
			buildConfigurations = (
				C57689A42C727AEC0030D414 /* Debug */,
				C57689A52C727AEC0030D414 /* Release */,
			);
			defaultConfigurationIsVisible = 0;
			defaultConfigurationName = Release;
		};
/* End XCConfigurationList section */

/* Begin XCRemoteSwiftPackageReference section */
		C575857B2C75001B0000455F /* XCRemoteSwiftPackageReference "Alamofire" */ = {
			isa = XCRemoteSwiftPackageReference;
			repositoryURL = "https://github.com/Alamofire/Alamofire.git";
			requirement = {
				kind = upToNextMajorVersion;
				minimumVersion = 5.9.1;
			};
		};
/* End XCRemoteSwiftPackageReference section */

/* Begin XCSwiftPackageProductDependency section */
		C575857C2C75001B0000455F /* Alamofire */ = {
			isa = XCSwiftPackageProductDependency;
			package = C575857B2C75001B0000455F /* XCRemoteSwiftPackageReference "Alamofire" */;
			productName = Alamofire;
		};
/* End XCSwiftPackageProductDependency section */
	};
	rootObject = C576898D2C727AEA0030D414 /* Project object */;
}
